
Microsoft Visual Studio Solution File, Format Version 12.00
# Visual Studio Version 17
VisualStudioVersion = 17.9.34607.119
MinimumVisualStudioVersion = 10.0.40219.1
Project("{FAE04EC0-301F-11D3-BF4B-00C04F79EFBC}") = "HTML", "HTML\HTML.csproj", "{5D8D229C-AE75-4E75-B749-E8EBD9A5803A}"
EndProject
Global
	GlobalSection(SolutionConfigurationPlatforms) = preSolution
		Debug|Any CPU = Debug|Any CPU
		Release|Any CPU = Release|Any CPU
	EndGlobalSection
	GlobalSection(ProjectConfigurationPlatforms) = postSolution
		{5D8D229C-AE75-4E75-B749-E8EBD9A5803A}.Debug|Any CPU.ActiveCfg = Debug|Any CPU
		{5D8D229C-AE75-4E75-B749-E8EBD9A5803A}.Debug|Any CPU.Build.0 = Debug|Any CPU
		{5D8D229C-AE75-4E75-B749-E8EBD9A5803A}.Release|Any CPU.ActiveCfg = Release|Any CPU
		{5D8D229C-AE75-4E75-B749-E8EBD9A5803A}.Release|Any CPU.Build.0 = Release|Any CPU
	EndGlobalSection
	GlobalSection(SolutionProperties) = preSolution
		HideSolutionNode = FALSE
	EndGlobalSection
	GlobalSection(ExtensibilityGlobals) = postSolution
		SolutionGuid = {4B102310-F6A3-4201-992C-A76DC351C2D4}
	EndGlobalSection
EndGlobal
